{
    "hash": "fa23434c374697fe77d51c9d3146115d",
    "packages": [
        {
            "name": "dlu/dlutwbootstrap",
            "version": "dev-master",
            "source": {
                "type": "git",
                "url": "https://bitbucket.org/dlu/dlutwbootstrap.git",
                "reference": "release-0.1.4"
            },
            "dist": {
                "type": "zip",
                "url": "https://bitbucket.org/dlu/dlutwbootstrap/get/release-0.1.4.zip",
                "reference": "release-0.1.4",
                "shasum": ""
            },
            "require": {
                "php": ">=5.3.3",
                "zendframework/zendframework": ">=2.1.0"
            },
            "type": "library",
            "autoload": {
                "psr-0": {
                    "DluTwBootstrap": "src/"
                },
                "classmap": [
                    "./Module.php"
                ]
            },
            "notification-url": "http://packagist.org/downloads/",
            "license": [
                "New-BSD-License"
            ],
            "authors": [
                {
                    "name": "David Lukas",
                    "homepage": "http://www.zfdaily.com"
                }
            ],
            "description": "ZF2 module to generate Twitter Bootstrap UI - forms, navigation, etc.",
            "homepage": "https://bitbucket.org/dlu/dlutwbootstrap",
            "keywords": [
                "dlutwbootstrap",
                "module",
                "twitter bootstrap",
                "zend framework 2",
                "zf2"
            ],
            "time": "2013-03-27 12:05:57"
        },
        {
            "name": "dlu/dlutwbootstrapdemo",
            "version": "dev-master",
            "source": {
                "type": "git",
                "url": "https://bitbucket.org/dlu/dlutwbootstrap-demo.git",
                "reference": "release-0.1.2"
            },
            "dist": {
                "type": "zip",
                "url": "https://bitbucket.org/dlu/dlutwbootstrap-demo/get/release-0.1.2.zip",
                "reference": "release-0.1.2",
                "shasum": ""
            },
            "require": {
                "dlu/dlutwbootstrap": ">=0.1.1",
                "php": ">=5.3.3",
                "zendframework/zendframework": ">=2.0.5"
            },
            "type": "library",
            "autoload": {
                "psr-0": {
                    "DluTwBootstrapDemo": "src/"
                },
                "classmap": [
                    "./Module.php"
                ]
            },
            "notification-url": "http://packagist.org/downloads/",
            "license": [
                "New-BSD-License"
            ],
            "authors": [
                {
                    "name": "David Lukas",
                    "homepage": "http://www.zfdaily.com"
                }
            ],
            "description": "ZF2 module to check & demonstrate the DluTwBootstrap module (Twitter Bootstrap UI - forms, navigation, etc.)",
            "homepage": "https://bitbucket.org/dlu/dlutwbootstrap-demo",
            "keywords": [
                "demo",
                "dlutwbootstrap",
                "dlutwbootstrapdemo",
                "module",
                "twitter bootstrap",
                "zend framework 2",
                "zf2"
            ],
            "time": "2012-12-15 10:29:31"
        },
        {
            "name": "firephp/firephp-core",
            "version": "dev-master",
            "source": {
                "type": "git",
                "url": "https://github.com/firephp/firephp-core.git",
                "reference": "f60753a8dd7817e4da6bc73e0e717387a9a0866a"
            },
            "dist": {
                "type": "zip",
                "url": "https://api.github.com/repos/firephp/firephp-core/zipball/f60753a8dd7817e4da6bc73e0e717387a9a0866a",
                "reference": "f60753a8dd7817e4da6bc73e0e717387a9a0866a",
                "shasum": ""
            },
            "type": "library",
            "autoload": {
                "classmap": [
                    "lib/FirePHPCore/FirePHP.class.php",
                    "lib/FirePHPCore/fb.php"
                ]
            },
            "notification-url": "http://packagist.org/downloads/",
            "license": [
                "MIT"
            ],
            "authors": [
                {
                    "name": "Christoph Dorn",
                    "email": "christoph@christophdorn.com",
                    "homepage": "http://christophdorn.com"
                }
            ],
            "description": "Traditional FirePHPCore library for sending PHP variables to the browser.",
            "homepage": "https://github.com/firephp/firephp-core",
            "time": "2013-01-19 22:55:24"
        },
        {
            "name": "zendframework/zend-developer-tools",
            "version": "dev-master",
            "source": {
                "type": "git",
                "url": "https://github.com/zendframework/ZendDeveloperTools.git",
                "reference": "01b9db1c217233d06f40cdf576be1f50d56aec97"
            },
            "dist": {
                "type": "zip",
                "url": "https://api.github.com/repos/zendframework/ZendDeveloperTools/zipball/01b9db1c217233d06f40cdf576be1f50d56aec97",
                "reference": "01b9db1c217233d06f40cdf576be1f50d56aec97",
                "shasum": ""
            },
            "require": {
                "php": ">=5.3.3",
                "zendframework/zend-eventmanager": "2.*",
                "zendframework/zend-mvc": "2.*",
                "zendframework/zend-servicemanager": "2.*",
                "zendframework/zend-stdlib": "2.*",
                "zendframework/zend-version": "2.*"
            },
            "suggest": {
                "bjyoungblood/bjy-profiler": "Version: dev-master, allows the usage of the (Zend) Db collector."
            },
            "type": "zf-module",
            "autoload": {
                "psr-0": {
                    "ZendDeveloperTools": "src/"
                },
                "classmap": [
                    "./Module.php"
                ]
            },
            "notification-url": "http://packagist.org/downloads/",
            "license": [
                "BSD-3-Clause"
            ],
            "authors": [
                {
                    "name": "Evan Coury",
                    "email": "me@evancoury.com",
                    "homepage": "http://blog.evan.pro/"
                },
                {
                    "name": "Eric Boh",
                    "email": "cossish@gmail.com"
                }
            ],
            "description": "Module for developer and debug tools for working with the ZF2 MVC layer.",
            "homepage": "https://github.com/zendframework/ZendDeveloperTools",
            "keywords": [
                "debug",
                "developer",
                "module",
                "zf2"
            ],
            "time": "2013-03-25 18:13:03"
        },
        {
            "name": "zendframework/zendframework",
            "version": "2.1.4",
            "source": {
                "type": "git",
                "url": "https://github.com/zendframework/zf2.git",
                "reference": "release-2.1.4"
            },
            "dist": {
                "type": "zip",
                "url": "https://api.github.com/repos/zendframework/zf2/zipball/release-2.1.4",
                "reference": "release-2.1.4",
                "shasum": ""
            },
            "require": {
                "php": ">=5.3.3"
            },
            "replace": {
                "zendframework/zend-authentication": "self.version",
                "zendframework/zend-barcode": "self.version",
                "zendframework/zend-cache": "self.version",
                "zendframework/zend-captcha": "self.version",
                "zendframework/zend-code": "self.version",
                "zendframework/zend-config": "self.version",
                "zendframework/zend-console": "self.version",
                "zendframework/zend-crypt": "self.version",
                "zendframework/zend-db": "self.version",
                "zendframework/zend-debug": "self.version",
                "zendframework/zend-di": "self.version",
                "zendframework/zend-dom": "self.version",
                "zendframework/zend-escaper": "self.version",
                "zendframework/zend-eventmanager": "self.version",
                "zendframework/zend-feed": "self.version",
                "zendframework/zend-file": "self.version",
                "zendframework/zend-filter": "self.version",
                "zendframework/zend-form": "self.version",
                "zendframework/zend-http": "self.version",
                "zendframework/zend-i18n": "self.version",
                "zendframework/zend-inputfilter": "self.version",
                "zendframework/zend-json": "self.version",
                "zendframework/zend-ldap": "self.version",
                "zendframework/zend-loader": "self.version",
                "zendframework/zend-log": "self.version",
                "zendframework/zend-mail": "self.version",
                "zendframework/zend-math": "self.version",
                "zendframework/zend-memory": "self.version",
                "zendframework/zend-mime": "self.version",
                "zendframework/zend-modulemanager": "self.version",
                "zendframework/zend-mvc": "self.version",
                "zendframework/zend-navigation": "self.version",
                "zendframework/zend-paginator": "self.version",
                "zendframework/zend-permissions-acl": "self.version",
                "zendframework/zend-permissions-rbac": "self.version",
                "zendframework/zend-progressbar": "self.version",
                "zendframework/zend-serializer": "self.version",
                "zendframework/zend-server": "self.version",
                "zendframework/zend-servicemanager": "self.version",
                "zendframework/zend-session": "self.version",
                "zendframework/zend-soap": "self.version",
                "zendframework/zend-stdlib": "self.version",
                "zendframework/zend-tag": "self.version",
                "zendframework/zend-test": "self.version",
                "zendframework/zend-text": "self.version",
                "zendframework/zend-uri": "self.version",
                "zendframework/zend-validator": "self.version",
                "zendframework/zend-version": "self.version",
                "zendframework/zend-view": "self.version",
                "zendframework/zend-xmlrpc": "self.version"
            },
            "require-dev": {
                "doctrine/common": ">=2.1",
                "ircmaxell/random-lib": "dev-master",
                "ircmaxell/security-lib": "dev-master",
                "phpunit/phpunit": "3.7.*"
            },
            "suggest": {
                "doctrine/common": "Doctrine\\Common >=2.1 for annotation features",
                "ext-intl": "ext/intl for i18n features",
                "ircmaxell/random-lib": "Fallback random byte generator for Zend\\Math\\Rand if OpenSSL/Mcrypt extensions are unavailable",
                "pecl-weakref": "Implementation of weak references for Zend\\Stdlib\\CallbackHandler",
                "zendframework/zendpdf": "ZendPdf for creating PDF representations of barcodes",
                "zendframework/zendservice-recaptcha": "ZendService\\ReCaptcha for rendering ReCaptchas in Zend\\Captcha and/or Zend\\Form"
            },
            "bin": [
                "bin/classmap_generator.php"
            ],
            "type": "library",
            "extra": {
                "branch-alias": {
                    "dev-master": "2.1-dev",
                    "dev-develop": "2.2-dev"
                }
            },
            "autoload": {
                "psr-0": {
                    "Zend\\": "library/",
                    "ZendTest\\": "tests/"
                }
            },
            "notification-url": "http://packagist.org/downloads/",
            "license": [
                "BSD-3-Clause"
            ],
            "description": "Zend Framework 2",
            "homepage": "http://framework.zend.com/",
            "keywords": [
                "framework",
                "zf2"
            ],
            "time": "2013-03-13 22:26:48"
        },
        {
            "name": "zf-commons/zfc-base",
            "version": "0.1.1",
            "source": {
                "type": "git",
                "url": "https://github.com/ZF-Commons/ZfcBase.git",
                "reference": "0.1.1"
            },
            "dist": {
                "type": "zip",
                "url": "https://api.github.com/repos/ZF-Commons/ZfcBase/zipball/0.1.1",
                "reference": "0.1.1",
                "shasum": ""
            },
            "require": {
                "php": ">=5.3.3",
                "zendframework/zend-db": "2.1.*",
                "zendframework/zend-eventmanager": "2.1.*",
                "zendframework/zend-loader": "2.1.*",
                "zendframework/zend-modulemanager": "2.1.*",
                "zendframework/zend-mvc": "2.1.*",
                "zendframework/zend-servicemanager": "2.1.*",
                "zendframework/zend-stdlib": "2.1.*"
            },
            "type": "library",
            "autoload": {
                "psr-0": {
                    "ZfcBase": "src/"
                },
                "classmap": [
                    "./Module.php"
                ]
            },
            "notification-url": "http://packagist.org/downloads/",
            "authors": [
                {
                    "name": "Kyle Spraggs",
                    "email": "theman@spiffyjr.me",
                    "homepage": "http://www.spiffyjr.me/"
                },
                {
                    "name": "Evan Coury",
                    "email": "me@evancoury.com",
                    "homepage": "http://blog.evan.pro/"
                }
            ],
            "description": "A set of genetic (abstract) classes which are commonly used across multiple modules.",
            "homepage": "https://github.com/ZF-Commons/ZfcBase",
            "keywords": [
                "zf2"
            ],
            "time": "2013-03-15 19:29:07"
        },
        {
            "name": "zf-commons/zfc-user",
            "version": "dev-master",
            "source": {
                "type": "git",
                "url": "https://github.com/ZF-Commons/ZfcUser.git",
                "reference": "48a77acdb2fe5ff73241e736ca88b4ed2f6831f3"
            },
            "dist": {
                "type": "zip",
                "url": "https://api.github.com/repos/ZF-Commons/ZfcUser/zipball/48a77acdb2fe5ff73241e736ca88b4ed2f6831f3",
                "reference": "48a77acdb2fe5ff73241e736ca88b4ed2f6831f3",
                "shasum": ""
            },
            "require": {
                "php": ">=5.3.3",
                "zendframework/zend-authentication": "2.1.*",
                "zendframework/zend-crypt": "2.1.*",
                "zendframework/zend-form": "2.1.*",
                "zendframework/zend-inputfilter": "2.1.*",
                "zendframework/zend-loader": "2.1.*",
                "zendframework/zend-modulemanager": "2.1.*",
                "zendframework/zend-mvc": "2.1.*",
                "zendframework/zend-servicemanager": "2.1.*",
                "zendframework/zend-stdlib": "2.1.*",
                "zendframework/zend-validator": "2.1.*",
                "zendframework/zend-view": "2.1.*",
                "zf-commons/zfc-base": "0.*"
            },
            "suggest": {
                "zendframework/zend-session": "To use the default authentication adapter."
            },
            "type": "library",
            "autoload": {
                "psr-0": {
                    "ZfcUser": "src/"
                },
                "classmap": [
                    "./Module.php"
                ]
            },
            "notification-url": "http://packagist.org/downloads/",
            "authors": [
                {
                    "name": "Kyle Spraggs",
                    "email": "theman@spiffyjr.me",
                    "homepage": "http://www.spiffyjr.me/"
                },
                {
                    "name": "Evan Coury",
                    "email": "me@evancoury.com",
                    "homepage": "http://blog.evan.pro/"
                }
            ],
            "description": "A generic user registration and authentication module for ZF2. Supports Zend\\Db and Doctrine2.",
            "homepage": "https://github.com/ZF-Commons/ZfcUser",
            "keywords": [
                "zf2"
            ],
            "time": "2013-03-27 14:54:31"
        }
    ],
    "packages-dev": [

    ],
    "aliases": [

    ],
    "minimum-stability": "stable",
    "stability-flags": {
        "zendframework/zend-developer-tools": 20,
        "zf-commons/zfc-user": 20,
        "dlu/dlutwbootstrap": 20,
        "dlu/dlutwbootstrapdemo": 20,
        "firephp/firephp-core": 20
    },
    "platform": {
        "php": ">=5.3.3"
    },
    "platform-dev": [

    ]
}
