{
    "_readme": [
        "This file locks the dependencies of your project to a known state",
        "Read more about it at http://getcomposer.org/doc/01-basic-usage.md#composer-lock-the-lock-file"
    ],
    "hash": "4fda6ec843417a1bb44e04466f5a8ecc",
    "packages": [
        {
            "name": "bjyoungblood/bjy-profiler",
            "version": "dev-master",
            "source": {
                "type": "git",
                "url": "https://github.com/bjyoungblood/BjyProfiler.git",
                "reference": "1ca31611b6960bcd744dced95764e3627e8d807a"
            },
            "dist": {
                "type": "zip",
                "url": "https://api.github.com/repos/bjyoungblood/BjyProfiler/zipball/1ca31611b6960bcd744dced95764e3627e8d807a",
                "reference": "1ca31611b6960bcd744dced95764e3627e8d807a",
                "shasum": ""
            },
            "require": {
                "php": ">=5.3",
                "zendframework/zendframework": ">=2.1.0"
            },
            "type": "library",
            "autoload": {
                "psr-0": {
                    "BjyProfiler": "src/"
                },
                "classmap": [
                    "./Module.php"
                ]
            },
            "notification-url": "http://packagist.org/downloads/",
            "authors": [
                {
                    "name": "Ben Youngblood",
                    "email": "bx.youngblood@gmail.com",
                    "homepage": "http://bjyoungblood.com",
                    "role": "Developer"
                }
            ],
            "description": "Database profiler for Zend\\Db (also plugin for ZendDeveloperTools)",
            "homepage": "https://github.com/bjyoungblood/BjyProfiler",
            "keywords": [
                "db",
                "profiler",
                "zdt",
                "zf2"
            ],
            "time": "2013-03-25 15:24:27"
        },
        {
            "name": "dlu/dlutwbootstrap",
            "version": "dev-master",
            "source": {
                "type": "git",
                "url": "https://bitbucket.org/dlu/dlutwbootstrap.git",
                "reference": "release-0.1.4"
            },
            "dist": {
                "type": "zip",
                "url": "https://bitbucket.org/dlu/dlutwbootstrap/get/release-0.1.4.zip",
                "reference": "release-0.1.4",
                "shasum": ""
            },
            "require": {
                "php": ">=5.3.3",
                "zendframework/zendframework": ">=2.1.0"
            },
            "type": "library",
            "autoload": {
                "psr-0": {
                    "DluTwBootstrap": "src/"
                },
                "classmap": [
                    "./Module.php"
                ]
            },
            "notification-url": "http://packagist.org/downloads/",
            "license": [
                "New-BSD-License"
            ],
            "authors": [
                {
                    "name": "David Lukas",
                    "homepage": "http://www.zfdaily.com"
                }
            ],
            "description": "ZF2 module to generate Twitter Bootstrap UI - forms, navigation, etc.",
            "homepage": "https://bitbucket.org/dlu/dlutwbootstrap",
            "keywords": [
                "dlutwbootstrap",
                "module",
                "twitter bootstrap",
                "zend framework 2",
                "zf2"
            ],
            "time": "2013-03-27 12:05:57"
        },
        {
            "name": "dlu/dlutwbootstrapdemo",
            "version": "dev-master",
            "source": {
                "type": "git",
                "url": "https://bitbucket.org/dlu/dlutwbootstrap-demo.git",
                "reference": "release-0.1.2"
            },
            "dist": {
                "type": "zip",
                "url": "https://bitbucket.org/dlu/dlutwbootstrap-demo/get/release-0.1.2.zip",
                "reference": "release-0.1.2",
                "shasum": ""
            },
            "require": {
                "dlu/dlutwbootstrap": ">=0.1.1",
                "php": ">=5.3.3",
                "zendframework/zendframework": ">=2.0.5"
            },
            "type": "library",
            "autoload": {
                "psr-0": {
                    "DluTwBootstrapDemo": "src/"
                },
                "classmap": [
                    "./Module.php"
                ]
            },
            "notification-url": "http://packagist.org/downloads/",
            "license": [
                "New-BSD-License"
            ],
            "authors": [
                {
                    "name": "David Lukas",
                    "homepage": "http://www.zfdaily.com"
                }
            ],
            "description": "ZF2 module to check & demonstrate the DluTwBootstrap module (Twitter Bootstrap UI - forms, navigation, etc.)",
            "homepage": "https://bitbucket.org/dlu/dlutwbootstrap-demo",
            "keywords": [
                "demo",
                "dlutwbootstrap",
                "dlutwbootstrapdemo",
                "module",
                "twitter bootstrap",
                "zend framework 2",
                "zf2"
            ],
            "time": "2012-12-15 10:29:31"
        },
        {
            "name": "firephp/firephp-core",
            "version": "dev-master",
            "source": {
                "type": "git",
                "url": "https://github.com/firephp/firephp-core.git",
                "reference": "v0.4.0"
            },
            "dist": {
                "type": "zip",
                "url": "https://api.github.com/repos/firephp/firephp-core/zipball/v0.4.0",
                "reference": "v0.4.0",
                "shasum": ""
            },
            "type": "library",
            "autoload": {
                "classmap": [
                    "lib/FirePHPCore/FirePHP.class.php",
                    "lib/FirePHPCore/fb.php"
                ]
            },
            "notification-url": "http://packagist.org/downloads/",
            "license": [
                "MIT"
            ],
            "authors": [
                {
                    "name": "Christoph Dorn",
                    "email": "christoph@christophdorn.com",
                    "homepage": "http://christophdorn.com"
                }
            ],
            "description": "Traditional FirePHPCore library for sending PHP variables to the browser.",
            "homepage": "https://github.com/firephp/firephp-core",
            "time": "2013-04-23 15:28:20"
        },
        {
            "name": "zendframework/zend-developer-tools",
            "version": "dev-master",
            "source": {
                "type": "git",
                "url": "https://github.com/zendframework/ZendDeveloperTools.git",
                "reference": "9e2cf51ffbd3778f07be4a245e6b7a84a6a18a1c"
            },
            "dist": {
                "type": "zip",
                "url": "https://api.github.com/repos/zendframework/ZendDeveloperTools/zipball/9e2cf51ffbd3778f07be4a245e6b7a84a6a18a1c",
                "reference": "9e2cf51ffbd3778f07be4a245e6b7a84a6a18a1c",
                "shasum": ""
            },
            "require": {
                "php": ">=5.3.3",
                "zendframework/zend-eventmanager": "2.*",
                "zendframework/zend-mvc": "2.*",
                "zendframework/zend-servicemanager": "2.*",
                "zendframework/zend-stdlib": "2.*",
                "zendframework/zend-version": "2.*"
            },
            "suggest": {
                "bjyoungblood/bjy-profiler": "Version: dev-master, allows the usage of the (Zend) Db collector."
            },
            "type": "zf-module",
            "autoload": {
                "psr-0": {
                    "ZendDeveloperTools": "src/"
                },
                "classmap": [
                    "./Module.php"
                ]
            },
            "notification-url": "http://packagist.org/downloads/",
            "license": [
                "BSD-3-Clause"
            ],
            "authors": [
                {
                    "name": "Evan Coury",
                    "email": "me@evancoury.com",
                    "homepage": "http://blog.evan.pro/"
                },
                {
                    "name": "Eric Boh",
                    "email": "cossish@gmail.com"
                }
            ],
            "description": "Module for developer and debug tools for working with the ZF2 MVC layer.",
            "homepage": "https://github.com/zendframework/ZendDeveloperTools",
            "keywords": [
                "debug",
                "developer",
                "module",
                "zf2"
            ],
            "time": "2013-05-19 14:33:45"
        },
        {
            "name": "zendframework/zendframework",
            "version": "2.1.5",
            "source": {
                "type": "git",
                "url": "https://github.com/zendframework/zf2.git",
                "reference": "release-2.1.5"
            },
            "dist": {
                "type": "zip",
                "url": "https://api.github.com/repos/zendframework/zf2/zipball/release-2.1.5",
                "reference": "release-2.1.5",
                "shasum": ""
            },
            "require": {
                "php": ">=5.3.3"
            },
            "replace": {
                "zendframework/zend-authentication": "self.version",
                "zendframework/zend-barcode": "self.version",
                "zendframework/zend-cache": "self.version",
                "zendframework/zend-captcha": "self.version",
                "zendframework/zend-code": "self.version",
                "zendframework/zend-config": "self.version",
                "zendframework/zend-console": "self.version",
                "zendframework/zend-crypt": "self.version",
                "zendframework/zend-db": "self.version",
                "zendframework/zend-debug": "self.version",
                "zendframework/zend-di": "self.version",
                "zendframework/zend-dom": "self.version",
                "zendframework/zend-escaper": "self.version",
                "zendframework/zend-eventmanager": "self.version",
                "zendframework/zend-feed": "self.version",
                "zendframework/zend-file": "self.version",
                "zendframework/zend-filter": "self.version",
                "zendframework/zend-form": "self.version",
                "zendframework/zend-http": "self.version",
                "zendframework/zend-i18n": "self.version",
                "zendframework/zend-inputfilter": "self.version",
                "zendframework/zend-json": "self.version",
                "zendframework/zend-ldap": "self.version",
                "zendframework/zend-loader": "self.version",
                "zendframework/zend-log": "self.version",
                "zendframework/zend-mail": "self.version",
                "zendframework/zend-math": "self.version",
                "zendframework/zend-memory": "self.version",
                "zendframework/zend-mime": "self.version",
                "zendframework/zend-modulemanager": "self.version",
                "zendframework/zend-mvc": "self.version",
                "zendframework/zend-navigation": "self.version",
                "zendframework/zend-paginator": "self.version",
                "zendframework/zend-permissions-acl": "self.version",
                "zendframework/zend-permissions-rbac": "self.version",
                "zendframework/zend-progressbar": "self.version",
                "zendframework/zend-serializer": "self.version",
                "zendframework/zend-server": "self.version",
                "zendframework/zend-servicemanager": "self.version",
                "zendframework/zend-session": "self.version",
                "zendframework/zend-soap": "self.version",
                "zendframework/zend-stdlib": "self.version",
                "zendframework/zend-tag": "self.version",
                "zendframework/zend-test": "self.version",
                "zendframework/zend-text": "self.version",
                "zendframework/zend-uri": "self.version",
                "zendframework/zend-validator": "self.version",
                "zendframework/zend-version": "self.version",
                "zendframework/zend-view": "self.version",
                "zendframework/zend-xmlrpc": "self.version"
            },
            "require-dev": {
                "doctrine/common": ">=2.1",
                "ircmaxell/random-lib": "dev-master",
                "ircmaxell/security-lib": "dev-master",
                "phpunit/phpunit": "3.7.*"
            },
            "suggest": {
                "doctrine/common": "Doctrine\\Common >=2.1 for annotation features",
                "ext-intl": "ext/intl for i18n features",
                "ircmaxell/random-lib": "Fallback random byte generator for Zend\\Math\\Rand if OpenSSL/Mcrypt extensions are unavailable",
                "pecl-weakref": "Implementation of weak references for Zend\\Stdlib\\CallbackHandler",
                "zendframework/zendpdf": "ZendPdf for creating PDF representations of barcodes",
                "zendframework/zendservice-recaptcha": "ZendService\\ReCaptcha for rendering ReCaptchas in Zend\\Captcha and/or Zend\\Form"
            },
            "bin": [
                "bin/classmap_generator.php"
            ],
            "type": "library",
            "extra": {
                "branch-alias": {
                    "dev-master": "2.1-dev",
                    "dev-develop": "2.2-dev"
                }
            },
            "autoload": {
                "psr-0": {
                    "Zend\\": "library/",
                    "ZendTest\\": "tests/"
                }
            },
            "notification-url": "http://packagist.org/downloads/",
            "license": [
                "BSD-3-Clause"
            ],
            "description": "Zend Framework 2",
            "homepage": "http://framework.zend.com/",
            "keywords": [
                "framework",
                "zf2"
            ],
            "time": "2013-04-17 15:15:58"
        },
        {
            "name": "zf-commons/zfc-admin",
            "version": "dev-master",
            "source": {
                "type": "git",
                "url": "https://github.com/ZF-Commons/ZfcAdmin.git",
                "reference": "v0.1.1"
            },
            "dist": {
                "type": "zip",
                "url": "https://api.github.com/repos/ZF-Commons/ZfcAdmin/zipball/v0.1.1",
                "reference": "v0.1.1",
                "shasum": ""
            },
            "require": {
                "php": ">=5.3.3",
                "zendframework/zendframework": "2.*"
            },
            "suggest": {
                "bjyoungblood/bjy-authorize": "Access control to protect ZfcAdmin against unauthorized users"
            },
            "type": "library",
            "autoload": {
                "psr-0": {
                    "ZfcAdmin": "src/"
                },
                "classmap": [
                    "./Module.php"
                ]
            },
            "notification-url": "http://packagist.org/downloads/",
            "license": [
                "BSD-3-Clause"
            ],
            "authors": [
                {
                    "name": "Jurian Sluiman ",
                    "email": "jurian@juriansluiman.nl",
                    "homepage": "http://juriansluiman.nl/en/"
                },
                {
                    "name": "Martin Shwalbe",
                    "email": "martin.shwalbe@gmail.com",
                    "homepage": "http://hounddog.github.com"
                }
            ],
            "description": "A generic Admin module for ZF2.",
            "homepage": "https://github.com/juriansluiman/ZfcAdmin",
            "keywords": [
                "zf2"
            ],
            "time": "2013-04-23 09:31:59"
        },
        {
            "name": "zf-commons/zfc-base",
            "version": "v0.1.2",
            "source": {
                "type": "git",
                "url": "https://github.com/ZF-Commons/ZfcBase.git",
                "reference": "v0.1.2"
            },
            "dist": {
                "type": "zip",
                "url": "https://api.github.com/repos/ZF-Commons/ZfcBase/zipball/v0.1.2",
                "reference": "v0.1.2",
                "shasum": ""
            },
            "require": {
                "php": ">=5.3.3",
                "zendframework/zend-db": ">=2.1,<3.0",
                "zendframework/zend-eventmanager": ">=2.1,<3.0",
                "zendframework/zend-loader": ">=2.1,<3.0",
                "zendframework/zend-modulemanager": ">=2.1,<3.0",
                "zendframework/zend-mvc": ">=2.1,<3.0",
                "zendframework/zend-servicemanager": ">=2.1,<3.0",
                "zendframework/zend-stdlib": ">=2.1,<3.0"
            },
            "type": "library",
            "autoload": {
                "psr-0": {
                    "ZfcBase": "src/"
                },
                "classmap": [
                    "./Module.php"
                ]
            },
            "notification-url": "http://packagist.org/downloads/",
            "authors": [
                {
                    "name": "Kyle Spraggs",
                    "email": "theman@spiffyjr.me",
                    "homepage": "http://www.spiffyjr.me/"
                },
                {
                    "name": "Evan Coury",
                    "email": "me@evancoury.com",
                    "homepage": "http://blog.evan.pro/"
                }
            ],
            "description": "A set of genetic (abstract) classes which are commonly used across multiple modules.",
            "homepage": "https://github.com/ZF-Commons/ZfcBase",
            "keywords": [
                "zf2"
            ],
            "time": "2013-05-02 12:33:49"
        },
        {
            "name": "zf-commons/zfc-rbac",
            "version": "dev-master",
            "source": {
                "type": "git",
                "url": "https://github.com/ZF-Commons/ZfcRbac.git",
                "reference": "4263ce8883f5b452cac52bf0b5618ac745c99aad"
            },
            "dist": {
                "type": "zip",
                "url": "https://api.github.com/repos/ZF-Commons/ZfcRbac/zipball/4263ce8883f5b452cac52bf0b5618ac745c99aad",
                "reference": "4263ce8883f5b452cac52bf0b5618ac745c99aad",
                "shasum": ""
            },
            "require": {
                "php": ">=5.3.3",
                "zendframework/zend-mvc": ">=2.1",
                "zendframework/zend-permissions-rbac": ">=2.1",
                "zendframework/zend-servicemanager": ">=2.1",
                "zendframework/zend-view": ">=2.1"
            },
            "type": "library",
            "autoload": {
                "psr-0": {
                    "ZfcRbac\\": "src/"
                }
            },
            "notification-url": "http://packagist.org/downloads/",
            "authors": [
                {
                    "name": "Kyle Spraggs",
                    "email": "theman@spiffyjr.me",
                    "homepage": "http://www.spiffyjr.me/"
                }
            ],
            "description": "Zend Framework 2 Module that provides a layer of features of Zend\\Permissions\\Rbac",
            "homepage": "http://www.github.com/ZF-Commons/ZfcRbac/",
            "keywords": [
                "module",
                "zf2"
            ],
            "time": "2013-05-10 20:35:56"
        },
        {
            "name": "zf-commons/zfc-user",
            "version": "dev-master",
            "source": {
                "type": "git",
                "url": "https://github.com/ZF-Commons/ZfcUser.git",
                "reference": "0.1.2"
            },
            "dist": {
                "type": "zip",
                "url": "https://api.github.com/repos/ZF-Commons/ZfcUser/zipball/0.1.2",
                "reference": "0.1.2",
                "shasum": ""
            },
            "require": {
                "php": ">=5.3.3",
                "zendframework/zend-authentication": ">=2.1,<3.0",
                "zendframework/zend-crypt": ">=2.1,<3.0",
                "zendframework/zend-form": ">=2.1,<3.0",
                "zendframework/zend-inputfilter": ">=2.1,<3.0",
                "zendframework/zend-loader": ">=2.1,<3.0",
                "zendframework/zend-modulemanager": ">=2.1,<3.0",
                "zendframework/zend-mvc": ">=2.1,<3.0",
                "zendframework/zend-servicemanager": ">=2.1,<3.0",
                "zendframework/zend-stdlib": ">=2.1,<3.0",
                "zendframework/zend-validator": ">=2.1,<3.0",
                "zendframework/zend-view": ">=2.1,<3.0",
                "zf-commons/zfc-base": "0.*"
            },
            "suggest": {
                "zendframework/zend-session": "To use the default authentication adapter."
            },
            "type": "library",
            "autoload": {
                "psr-0": {
                    "ZfcUser": "src/"
                },
                "classmap": [
                    "./Module.php"
                ]
            },
            "notification-url": "http://packagist.org/downloads/",
            "authors": [
                {
                    "name": "Kyle Spraggs",
                    "email": "theman@spiffyjr.me",
                    "homepage": "http://www.spiffyjr.me/"
                },
                {
                    "name": "Evan Coury",
                    "email": "me@evancoury.com",
                    "homepage": "http://blog.evan.pro/"
                }
            ],
            "description": "A generic user registration and authentication module for ZF2. Supports Zend\\Db and Doctrine2.",
            "homepage": "https://github.com/ZF-Commons/ZfcUser",
            "keywords": [
                "zf2"
            ],
            "time": "2013-05-02 12:33:31"
        }
    ],
    "packages-dev": [

    ],
    "aliases": [

    ],
    "minimum-stability": "stable",
    "stability-flags": {
        "zendframework/zend-developer-tools": 20,
        "zf-commons/zfc-user": 20,
        "zf-commons/zfc-admin": 20,
        "zf-commons/zfc-rbac": 20,
        "bjyoungblood/bjy-profiler": 20,
        "dlu/dlutwbootstrap": 20,
        "dlu/dlutwbootstrapdemo": 20,
        "firephp/firephp-core": 20
    },
    "platform": {
        "php": ">=5.3.3"
    },
    "platform-dev": [

    ]
}
