{
  "name": "nouron",
  "version": "1.0.0",
  "lockfileVersion": 2,
  "requires": true,
  "packages": {
    "": {
      "name": "nouron",
      "version": "1.0.0",
      "hasInstallScript": true,
      "dependencies": {
        "bootstrap": "^3.4.1",
        "jquery": "^3.7.1",
        "pace-js": "^1.2.4"
      }
    },
    "node_modules/bootstrap": {
      "version": "3.4.1",
      "resolved": "https://registry.npmjs.org/bootstrap/-/bootstrap-3.4.1.tgz",
      "integrity": "sha512-yN5oZVmRCwe5aKwzRj6736nSmKDX7pLYwsXiCj/EYmo16hODaBiT4En5btW/jhBF/seV+XMx3aYwukYC3A49DA==",
      "deprecated": "This version of Bootstrap is no longer supported. Please upgrade to the latest version.",
      "engines": {
        "node": ">=6"
      }
    },
    "node_modules/jquery": {
      "version": "3.7.1",
      "resolved": "https://registry.npmjs.org/jquery/-/jquery-3.7.1.tgz",
      "integrity": "sha512-m4avr8yL8kmFN8psrbFFFmB/If14iN5o9nw/NgnnM+kybDJpRsAynV2BsfpTYrTRysYUdADVD7CkUUizgkpLfg=="
    },
    "node_modules/pace-js": {
      "version": "1.2.4",
      "resolved": "https://registry.npmjs.org/pace-js/-/pace-js-1.2.4.tgz",
      "integrity": "sha512-qnCxtvUoY9yHId0AwMQCVmWltb698GiuVArmDbQzonTu9QCo0SgWUVnX9jB9mi+/FUSWvQULBPxUAAo/kLrh1A=="
    }
  },
  "dependencies": {
    "bootstrap": {
      "version": "3.4.1",
      "resolved": "https://registry.npmjs.org/bootstrap/-/bootstrap-3.4.1.tgz",
      "integrity": "sha512-yN5oZVmRCwe5aKwzRj6736nSmKDX7pLYwsXiCj/EYmo16hODaBiT4En5btW/jhBF/seV+XMx3aYwukYC3A49DA=="
    },
    "jquery": {
      "version": "3.7.1",
      "resolved": "https://registry.npmjs.org/jquery/-/jquery-3.7.1.tgz",
      "integrity": "sha512-m4avr8yL8kmFN8psrbFFFmB/If14iN5o9nw/NgnnM+kybDJpRsAynV2BsfpTYrTRysYUdADVD7CkUUizgkpLfg=="
    },
    "pace-js": {
      "version": "1.2.4",
      "resolved": "https://registry.npmjs.org/pace-js/-/pace-js-1.2.4.tgz",
      "integrity": "sha512-qnCxtvUoY9yHId0AwMQCVmWltb698GiuVArmDbQzonTu9QCo0SgWUVnX9jB9mi+/FUSWvQULBPxUAAo/kLrh1A=="
    }
  }
}
